// !$*UTF8*$!
{
	archiveVersion = 1;
	classes = {
	};
	objectVersion = 50;
	objects = {

/* Begin PBXBuildFile section */
		F544E6342103389B008040FF /* AppDelegate.swift in Sources */ = {isa = PBXBuildFile; fileRef = F544E6332103389B008040FF /* AppDelegate.swift */; };
		F544E6362103389B008040FF /* IndexViewController.swift in Sources */ = {isa = PBXBuildFile; fileRef = F544E6352103389B008040FF /* IndexViewController.swift */; };
		F544E6392103389B008040FF /* Main.storyboard in Resources */ = {isa = PBXBuildFile; fileRef = F544E6372103389B008040FF /* Main.storyboard */; };
		F544E63B2103389C008040FF /* Assets.xcassets in Resources */ = {isa = PBXBuildFile; fileRef = F544E63A2103389C008040FF /* Assets.xcassets */; };
		F544E63E2103389C008040FF /* LaunchScreen.storyboard in Resources */ = {isa = PBXBuildFile; fileRef = F544E63C2103389C008040FF /* LaunchScreen.storyboard */; };
		F59E5ED921039C3B007570F4 /* GreenViewController.swift in Sources */ = {isa = PBXBuildFile; fileRef = F59E5ED821039C3B007570F4 /* GreenViewController.swift */; };
		F59E5EDB21039D4D007570F4 /* SiderViewController.swift in Sources */ = {isa = PBXBuildFile; fileRef = F59E5EDA21039D4D007570F4 /* SiderViewController.swift */; };
/* End PBXBuildFile section */

/* Begin PBXFileReference section */
		F544E6302103389B008040FF /* Sider.app */ = {isa = PBXFileReference; explicitFileType = wrapper.application; includeInIndex = 0; path = Sider.app; sourceTree = BUILT_PRODUCTS_DIR; };
		F544E6332103389B008040FF /* AppDelegate.swift */ = {isa = PBXFileReference; lastKnownFileType = sourcecode.swift; path = AppDelegate.swift; sourceTree = "<group>"; };
		F544E6352103389B008040FF /* IndexViewController.swift */ = {isa = PBXFileReference; lastKnownFileType = sourcecode.swift; path = IndexViewController.swift; sourceTree = "<group>"; };
		F544E6382103389B008040FF /* Base */ = {isa = PBXFileReference; lastKnownFileType = file.storyboard; name = Base; path = Base.lproj/Main.storyboard; sourceTree = "<group>"; };
		F544E63A2103389C008040FF /* Assets.xcassets */ = {isa = PBXFileReference; lastKnownFileType = folder.assetcatalog; path = Assets.xcassets; sourceTree = "<group>"; };
		F544E63D2103389C008040FF /* Base */ = {isa = PBXFileReference; lastKnownFileType = file.storyboard; name = Base; path = Base.lproj/LaunchScreen.storyboard; sourceTree = "<group>"; };
		F544E63F2103389C008040FF /* Info.plist */ = {isa = PBXFileReference; lastKnownFileType = text.plist.xml; path = Info.plist; sourceTree = "<group>"; };
		F59E5ED821039C3B007570F4 /* GreenViewController.swift */ = {isa = PBXFileReference; lastKnownFileType = sourcecode.swift; path = GreenViewController.swift; sourceTree = "<group>"; };
		F59E5EDA21039D4D007570F4 /* SiderViewController.swift */ = {isa = PBXFileReference; lastKnownFileType = sourcecode.swift; path = SiderViewController.swift; sourceTree = "<group>"; };
/* End PBXFileReference section */

/* Begin PBXFrameworksBuildPhase section */
		F544E62D2103389B008040FF /* Frameworks */ = {
			isa = PBXFrameworksBuildPhase;
			buildActionMask = 2147483647;
			files = (
			);
			runOnlyForDeploymentPostprocessing = 0;
		};
/* End PBXFrameworksBuildPhase section */

/* Begin PBXGroup section */
		F544E6272103389B008040FF = {
			isa = PBXGroup;
			children = (
				F544E6322103389B008040FF /* Sider */,
				F544E6312103389B008040FF /* Products */,
			);
			sourceTree = "<group>";
		};
		F544E6312103389B008040FF /* Products */ = {
			isa = PBXGroup;
			children = (
				F544E6302103389B008040FF /* Sider.app */,
			);
			name = Products;
			sourceTree = "<group>";
		};
		F544E6322103389B008040FF /* Sider */ = {
			isa = PBXGroup;
			children = (
				F544E64921036A8B008040FF /* common */,
				F544E64A21036AA0008040FF /* controllers */,
				F544E6372103389B008040FF /* Main.storyboard */,
				F544E63A2103389C008040FF /* Assets.xcassets */,
				F544E63F2103389C008040FF /* Info.plist */,
			);
			path = Sider;
			sourceTree = "<group>";
		};
		F544E64921036A8B008040FF /* common */ = {
			isa = PBXGroup;
			children = (
				F544E6332103389B008040FF /* AppDelegate.swift */,
				F544E63C2103389C008040FF /* LaunchScreen.storyboard */,
			);
			path = common;
			sourceTree = "<group>";
		};
		F544E64A21036AA0008040FF /* controllers */ = {
			isa = PBXGroup;
			children = (
				F544E6352103389B008040FF /* IndexViewController.swift */,
				F59E5ED821039C3B007570F4 /* GreenViewController.swift */,
				F59E5EDA21039D4D007570F4 /* SiderViewController.swift */,
			);
			path = controllers;
			sourceTree = "<group>";
		};
/* End PBXGroup section */

/* Begin PBXNativeTarget section */
		F544E62F2103389B008040FF /* Sider */ = {
			isa = PBXNativeTarget;
			buildConfigurationList = F544E6422103389C008040FF /* Build configuration list for PBXNativeTarget "Sider" */;
			buildPhases = (
				F544E62C2103389B008040FF /* Sources */,
				F544E62D2103389B008040FF /* Frameworks */,
				F544E62E2103389B008040FF /* Resources */,
			);
			buildRules = (
			);
			dependencies = (
			);
			name = Sider;
			productName = Sider;
			productReference = F544E6302103389B008040FF /* Sider.app */;
			productType = "com.apple.product-type.application";
		};
/* End PBXNativeTarget section */

/* Begin PBXProject section */
		F544E6282103389B008040FF /* Project object */ = {
			isa = PBXProject;
			attributes = {
				LastSwiftUpdateCheck = 0940;
				LastUpgradeCheck = 0940;
				ORGANIZATIONNAME = JamieMaple;
				TargetAttributes = {
					F544E62F2103389B008040FF = {
						CreatedOnToolsVersion = 9.4.1;
					};
				};
			};
			buildConfigurationList = F544E62B2103389B008040FF /* Build configuration list for PBXProject "Sider" */;
			compatibilityVersion = "Xcode 9.3";
			developmentRegion = en;
			hasScannedForEncodings = 0;
			knownRegions = (
				en,
				Base,
			);
			mainGroup = F544E6272103389B008040FF;
			productRefGroup = F544E6312103389B008040FF /* Products */;
			projectDirPath = "";
			projectRoot = "";
			targets = (
				F544E62F2103389B008040FF /* Sider */,
			);
		};
/* End PBXProject section */

/* Begin PBXResourcesBuildPhase section */
		F544E62E2103389B008040FF /* Resources */ = {
			isa = PBXResourcesBuildPhase;
			buildActionMask = 2147483647;
			files = (
				F544E63E2103389C008040FF /* LaunchScreen.storyboard in Resources */,
				F544E63B2103389C008040FF /* Assets.xcassets in Resources */,
				F544E6392103389B008040FF /* Main.storyboard in Resources */,
			);
			runOnlyForDeploymentPostprocessing = 0;
		};
/* End PBXResourcesBuildPhase section */

/* Begin PBXSourcesBuildPhase section */
		F544E62C2103389B008040FF /* Sources */ = {
			isa = PBXSourcesBuildPhase;
			buildActionMask = 2147483647;
			files = (
				F59E5ED921039C3B007570F4 /* GreenViewController.swift in Sources */,
				F544E6362103389B008040FF /* IndexViewController.swift in Sources */,
				F59E5EDB21039D4D007570F4 /* SiderViewController.swift in Sources */,
				F544E6342103389B008040FF /* AppDelegate.swift in Sources */,
			);
			runOnlyForDeploymentPostprocessing = 0;
		};
/* End PBXSourcesBuildPhase section */

/* Begin PBXVariantGroup section */
		F544E6372103389B008040FF /* Main.storyboard */ = {
			isa = PBXVariantGroup;
			children = (
				F544E6382103389B008040FF /* Base */,
			);
			name = Main.storyboard;
			sourceTree = "<group>";
		};
		F544E63C2103389C008040FF /* LaunchScreen.storyboard */ = {
			isa = PBXVariantGroup;
			children = (
				F544E63D2103389C008040FF /* Base */,
			);
			name = LaunchScreen.storyboard;
			sourceTree = "<group>";
		};
/* End PBXVariantGroup section */

/* Begin XCBuildConfiguration section */
		F544E6402103389C008040FF /* Debug */ = {
			isa = XCBuildConfiguration;
			buildSettings = {
				ALWAYS_SEARCH_USER_PATHS = NO;
				CLANG_ANALYZER_NONNULL = YES;
				CLANG_ANALYZER_NUMBER_OBJECT_CONVERSION = YES_AGGRESSIVE;
				CLANG_CXX_LANGUAGE_STANDARD = "gnu++14";
				CLANG_CXX_LIBRARY = "libc++";
				CLANG_ENABLE_MODULES = YES;
				CLANG_ENABLE_OBJC_ARC = YES;
				CLANG_ENABLE_OBJC_WEAK = YES;
				CLANG_WARN_BLOCK_CAPTURE_AUTORELEASING = YES;
				CLANG_WARN_BOOL_CONVERSION = YES;
				CLANG_WARN_COMMA = YES;
				CLANG_WARN_CONSTANT_CONVERSION = YES;
				CLANG_WARN_DEPRECATED_OBJC_IMPLEMENTATIONS = YES;
				CLANG_WARN_DIRECT_OBJC_ISA_USAGE = YES_ERROR;
				CLANG_WARN_DOCUMENTATION_COMMENTS = YES;
				CLANG_WARN_EMPTY_BODY = YES;
				CLANG_WARN_ENUM_CONVERSION = YES;
				CLANG_WARN_INFINITE_RECURSION = YES;
				CLANG_WARN_INT_CONVERSION = YES;
				CLANG_WARN_NON_LITERAL_NULL_CONVERSION = YES;
				CLANG_WARN_OBJC_IMPLICIT_RETAIN_SELF = YES;
				CLANG_WARN_OBJC_LITERAL_CONVERSION = YES;
				CLANG_WARN_OBJC_ROOT_CLASS = YES_ERROR;
				CLANG_WARN_RANGE_LOOP_ANALYSIS = YES;
				CLANG_WARN_STRICT_PROTOTYPES = YES;
				CLANG_WARN_SUSPICIOUS_MOVE = YES;
				CLANG_WARN_UNGUARDED_AVAILABILITY = YES_AGGRESSIVE;
				CLANG_WARN_UNREACHABLE_CODE = YES;
				CLANG_WARN__DUPLICATE_METHOD_MATCH = YES;
				CODE_SIGN_IDENTITY = "iPhone Developer";
				COPY_PHASE_STRIP = NO;
				DEBUG_INFORMATION_FORMAT = dwarf;
				ENABLE_STRICT_OBJC_MSGSEND = YES;
				ENABLE_TESTABILITY = YES;
				GCC_C_LANGUAGE_STANDARD = gnu11;
				GCC_DYNAMIC_NO_PIC = NO;
				GCC_NO_COMMON_BLOCKS = YES;
				GCC_OPTIMIZATION_LEVEL = 0;
				GCC_PREPROCESSOR_DEFINITIONS = (
					"DEBUG=1",
					"$(inherited)",
				);
				GCC_WARN_64_TO_32_BIT_CONVERSION = YES;
				GCC_WARN_ABOUT_RETURN_TYPE = YES_ERROR;
				GCC_WARN_UNDECLARED_SELECTOR = YES;
				GCC_WARN_UNINITIALIZED_AUTOS = YES_AGGRESSIVE;
				GCC_WARN_UNUSED_FUNCTION = YES;
				GCC_WARN_UNUSED_VARIABLE = YES;
				IPHONEOS_DEPLOYMENT_TARGET = 11.4;
				MTL_ENABLE_DEBUG_INFO = YES;
				ONLY_ACTIVE_ARCH = YES;
				SDKROOT = iphoneos;
				SWIFT_ACTIVE_COMPILATION_CONDITIONS = DEBUG;
				SWIFT_OPTIMIZATION_LEVEL = "-Onone";
			};
			name = Debug;
		};
		F544E6412103389C008040FF /* Release */ = {
			isa = XCBuildConfiguration;
			buildSettings = {
				ALWAYS_SEARCH_USER_PATHS = NO;
				CLANG_ANALYZER_NONNULL = YES;
				CLANG_ANALYZER_NUMBER_OBJECT_CONVERSION = YES_AGGRESSIVE;
				CLANG_CXX_LANGUAGE_STANDARD = "gnu++14";
				CLANG_CXX_LIBRARY = "libc++";
				CLANG_ENABLE_MODULES = YES;
				CLANG_ENABLE_OBJC_ARC = YES;
				CLANG_ENABLE_OBJC_WEAK = YES;
				CLANG_WARN_BLOCK_CAPTURE_AUTORELEASING = YES;
				CLANG_WARN_BOOL_CONVERSION = YES;
				CLANG_WARN_COMMA = YES;
				CLANG_WARN_CONSTANT_CONVERSION = YES;
				CLANG_WARN_DEPRECATED_OBJC_IMPLEMENTATIONS = YES;
				CLANG_WARN_DIRECT_OBJC_ISA_USAGE = YES_ERROR;
				CLANG_WARN_DOCUMENTATION_COMMENTS = YES;
				CLANG_WARN_EMPTY_BODY = YES;
				CLANG_WARN_ENUM_CONVERSION = YES;
				CLANG_WARN_INFINITE_RECURSION = YES;
				CLANG_WARN_INT_CONVERSION = YES;
				CLANG_WARN_NON_LITERAL_NULL_CONVERSION = YES;
				CLANG_WARN_OBJC_IMPLICIT_RETAIN_SELF = YES;
				CLANG_WARN_OBJC_LITERAL_CONVERSION = YES;
				CLANG_WARN_OBJC_ROOT_CLASS = YES_ERROR;
				CLANG_WARN_RANGE_LOOP_ANALYSIS = YES;
				CLANG_WARN_STRICT_PROTOTYPES = YES;
				CLANG_WARN_SUSPICIOUS_MOVE = YES;
				CLANG_WARN_UNGUARDED_AVAILABILITY = YES_AGGRESSIVE;
				CLANG_WARN_UNREACHABLE_CODE = YES;
				CLANG_WARN__DUPLICATE_METHOD_MATCH = YES;
				CODE_SIGN_IDENTITY = "iPhone Developer";
				COPY_PHASE_STRIP = NO;
				DEBUG_INFORMATION_FORMAT = "dwarf-with-dsym";
				ENABLE_NS_ASSERTIONS = NO;
				ENABLE_STRICT_OBJC_MSGSEND = YES;
				GCC_C_LANGUAGE_STANDARD = gnu11;
				GCC_NO_COMMON_BLOCKS = YES;
				GCC_WARN_64_TO_32_BIT_CONVERSION = YES;
				GCC_WARN_ABOUT_RETURN_TYPE = YES_ERROR;
				GCC_WARN_UNDECLARED_SELECTOR = YES;
				GCC_WARN_UNINITIALIZED_AUTOS = YES_AGGRESSIVE;
				GCC_WARN_UNUSED_FUNCTION = YES;
				GCC_WARN_UNUSED_VARIABLE = YES;
				IPHONEOS_DEPLOYMENT_TARGET = 11.4;
				MTL_ENABLE_DEBUG_INFO = NO;
				SDKROOT = iphoneos;
				SWIFT_COMPILATION_MODE = wholemodule;
				SWIFT_OPTIMIZATION_LEVEL = "-O";
				VALIDATE_PRODUCT = YES;
			};
			name = Release;
		};
		F544E6432103389C008040FF /* Debug */ = {
			isa = XCBuildConfiguration;
			buildSettings = {
				ASSETCATALOG_COMPILER_APPICON_NAME = AppIcon;
				CODE_SIGN_STYLE = Automatic;
				DEVELOPMENT_TEAM = QAUZ8NT4J3;
				INFOPLIST_FILE = Sider/Info.plist;
				LD_RUNPATH_SEARCH_PATHS = (
					"$(inherited)",
					"@executable_path/Frameworks",
				);
				PRODUCT_BUNDLE_IDENTIFIER = top.maple007.Sider;
				PRODUCT_NAME = "$(TARGET_NAME)";
				SWIFT_VERSION = 4.0;
				TARGETED_DEVICE_FAMILY = "1,2";
			};
			name = Debug;
		};
		F544E6442103389C008040FF /* Release */ = {
			isa = XCBuildConfiguration;
			buildSettings = {
				ASSETCATALOG_COMPILER_APPICON_NAME = AppIcon;
				CODE_SIGN_STYLE = Automatic;
				DEVELOPMENT_TEAM = QAUZ8NT4J3;
				INFOPLIST_FILE = Sider/Info.plist;
				LD_RUNPATH_SEARCH_PATHS = (
					"$(inherited)",
					"@executable_path/Frameworks",
				);
				PRODUCT_BUNDLE_IDENTIFIER = top.maple007.Sider;
				PRODUCT_NAME = "$(TARGET_NAME)";
				SWIFT_VERSION = 4.0;
				TARGETED_DEVICE_FAMILY = "1,2";
			};
			name = Release;
		};
/* End XCBuildConfiguration section */

/* Begin XCConfigurationList section */
		F544E62B2103389B008040FF /* Build configuration list for PBXProject "Sider" */ = {
			isa = XCConfigurationList;
			buildConfigurations = (
				F544E6402103389C008040FF /* Debug */,
				F544E6412103389C008040FF /* Release */,
			);
			defaultConfigurationIsVisible = 0;
			defaultConfigurationName = Release;
		};
		F544E6422103389C008040FF /* Build configuration list for PBXNativeTarget "Sider" */ = {
			isa = XCConfigurationList;
			buildConfigurations = (
				F544E6432103389C008040FF /* Debug */,
				F544E6442103389C008040FF /* Release */,
			);
			defaultConfigurationIsVisible = 0;
			defaultConfigurationName = Release;
		};
/* End XCConfigurationList section */
	};
	rootObject = F544E6282103389B008040FF /* Project object */;
}
