// !$*UTF8*$!
{
	archiveVersion = 1;
	classes = {
	};
	objectVersion = 50;
	objects = {

/* Begin PBXBuildFile section */
		7D1637C720D031DB00F42A2C /* Gaspar_Regular.otf in Resources */ = {isa = PBXBuildFile; fileRef = 7D1637C220D02B4B00F42A2C /* Gaspar_Regular.otf */; };
		7D1637C820D031DB00F42A2C /* MFJinHei_Noncommercial-Regular.ttf in Resources */ = {isa = PBXBuildFile; fileRef = 7D1637C320D02B4B00F42A2C /* MFJinHei_Noncommercial-Regular.ttf */; };
		7D1637C920D031DB00F42A2C /* MFTongXin_Noncommercial-Regular.ttf in Resources */ = {isa = PBXBuildFile; fileRef = 7D1637C420D02B4B00F42A2C /* MFTongXin_Noncommercial-Regular.ttf */; };
		7D1637CA20D031DB00F42A2C /* MFZhiHei_Noncommercial-Regular.ttf in Resources */ = {isa = PBXBuildFile; fileRef = 7D1637C120D02B4B00F42A2C /* MFZhiHei_Noncommercial-Regular.ttf */; };
		7D61A6B620CECDF3005CAF77 /* AppDelegate.swift in Sources */ = {isa = PBXBuildFile; fileRef = 7D61A6B520CECDF3005CAF77 /* AppDelegate.swift */; };
		7D61A6B820CECDF3005CAF77 /* ViewController.swift in Sources */ = {isa = PBXBuildFile; fileRef = 7D61A6B720CECDF3005CAF77 /* ViewController.swift */; };
		7D61A6BB20CECDF3005CAF77 /* Main.storyboard in Resources */ = {isa = PBXBuildFile; fileRef = 7D61A6B920CECDF3005CAF77 /* Main.storyboard */; };
		7D61A6BD20CECDF4005CAF77 /* Assets.xcassets in Resources */ = {isa = PBXBuildFile; fileRef = 7D61A6BC20CECDF4005CAF77 /* Assets.xcassets */; };
		7D61A6C020CECDF4005CAF77 /* LaunchScreen.storyboard in Resources */ = {isa = PBXBuildFile; fileRef = 7D61A6BE20CECDF4005CAF77 /* LaunchScreen.storyboard */; };
/* End PBXBuildFile section */

/* Begin PBXFileReference section */
		7D1637C120D02B4B00F42A2C /* MFZhiHei_Noncommercial-Regular.ttf */ = {isa = PBXFileReference; lastKnownFileType = file; path = "MFZhiHei_Noncommercial-Regular.ttf"; sourceTree = "<group>"; };
		7D1637C220D02B4B00F42A2C /* Gaspar_Regular.otf */ = {isa = PBXFileReference; lastKnownFileType = file; path = Gaspar_Regular.otf; sourceTree = "<group>"; };
		7D1637C320D02B4B00F42A2C /* MFJinHei_Noncommercial-Regular.ttf */ = {isa = PBXFileReference; lastKnownFileType = file; path = "MFJinHei_Noncommercial-Regular.ttf"; sourceTree = "<group>"; };
		7D1637C420D02B4B00F42A2C /* MFTongXin_Noncommercial-Regular.ttf */ = {isa = PBXFileReference; lastKnownFileType = file; path = "MFTongXin_Noncommercial-Regular.ttf"; sourceTree = "<group>"; };
		7D61A6B220CECDF3005CAF77 /* ChangeFont.app */ = {isa = PBXFileReference; explicitFileType = wrapper.application; includeInIndex = 0; path = ChangeFont.app; sourceTree = BUILT_PRODUCTS_DIR; };
		7D61A6B520CECDF3005CAF77 /* AppDelegate.swift */ = {isa = PBXFileReference; lastKnownFileType = sourcecode.swift; path = AppDelegate.swift; sourceTree = "<group>"; };
		7D61A6B720CECDF3005CAF77 /* ViewController.swift */ = {isa = PBXFileReference; lastKnownFileType = sourcecode.swift; path = ViewController.swift; sourceTree = "<group>"; };
		7D61A6BA20CECDF3005CAF77 /* Base */ = {isa = PBXFileReference; lastKnownFileType = file.storyboard; name = Base; path = Base.lproj/Main.storyboard; sourceTree = "<group>"; };
		7D61A6BC20CECDF4005CAF77 /* Assets.xcassets */ = {isa = PBXFileReference; lastKnownFileType = folder.assetcatalog; path = Assets.xcassets; sourceTree = "<group>"; };
		7D61A6BF20CECDF4005CAF77 /* Base */ = {isa = PBXFileReference; lastKnownFileType = file.storyboard; name = Base; path = Base.lproj/LaunchScreen.storyboard; sourceTree = "<group>"; };
		7D61A6C120CECDF4005CAF77 /* Info.plist */ = {isa = PBXFileReference; lastKnownFileType = text.plist.xml; path = Info.plist; sourceTree = "<group>"; };
/* End PBXFileReference section */

/* Begin PBXFrameworksBuildPhase section */
		7D61A6AF20CECDF3005CAF77 /* Frameworks */ = {
			isa = PBXFrameworksBuildPhase;
			buildActionMask = 2147483647;
			files = (
			);
			runOnlyForDeploymentPostprocessing = 0;
		};
/* End PBXFrameworksBuildPhase section */

/* Begin PBXGroup section */
		7D1637C620D02B5900F42A2C /* fonts */ = {
			isa = PBXGroup;
			children = (
				7D1637C220D02B4B00F42A2C /* Gaspar_Regular.otf */,
				7D1637C320D02B4B00F42A2C /* MFJinHei_Noncommercial-Regular.ttf */,
				7D1637C420D02B4B00F42A2C /* MFTongXin_Noncommercial-Regular.ttf */,
				7D1637C120D02B4B00F42A2C /* MFZhiHei_Noncommercial-Regular.ttf */,
			);
			path = fonts;
			sourceTree = "<group>";
		};
		7D61A6A920CECDF3005CAF77 = {
			isa = PBXGroup;
			children = (
				7D61A6B420CECDF3005CAF77 /* ChangeFont */,
				7D61A6B320CECDF3005CAF77 /* Products */,
			);
			sourceTree = "<group>";
		};
		7D61A6B320CECDF3005CAF77 /* Products */ = {
			isa = PBXGroup;
			children = (
				7D61A6B220CECDF3005CAF77 /* ChangeFont.app */,
			);
			name = Products;
			sourceTree = "<group>";
		};
		7D61A6B420CECDF3005CAF77 /* ChangeFont */ = {
			isa = PBXGroup;
			children = (
				7D1637C620D02B5900F42A2C /* fonts */,
				7D61A6B520CECDF3005CAF77 /* AppDelegate.swift */,
				7D61A6B720CECDF3005CAF77 /* ViewController.swift */,
				7D61A6B920CECDF3005CAF77 /* Main.storyboard */,
				7D61A6BC20CECDF4005CAF77 /* Assets.xcassets */,
				7D61A6BE20CECDF4005CAF77 /* LaunchScreen.storyboard */,
				7D61A6C120CECDF4005CAF77 /* Info.plist */,
			);
			path = ChangeFont;
			sourceTree = "<group>";
		};
/* End PBXGroup section */

/* Begin PBXNativeTarget section */
		7D61A6B120CECDF3005CAF77 /* ChangeFont */ = {
			isa = PBXNativeTarget;
			buildConfigurationList = 7D61A6C420CECDF4005CAF77 /* Build configuration list for PBXNativeTarget "ChangeFont" */;
			buildPhases = (
				7D61A6AE20CECDF3005CAF77 /* Sources */,
				7D61A6AF20CECDF3005CAF77 /* Frameworks */,
				7D61A6B020CECDF3005CAF77 /* Resources */,
			);
			buildRules = (
			);
			dependencies = (
			);
			name = ChangeFont;
			productName = ChangeFont;
			productReference = 7D61A6B220CECDF3005CAF77 /* ChangeFont.app */;
			productType = "com.apple.product-type.application";
		};
/* End PBXNativeTarget section */

/* Begin PBXProject section */
		7D61A6AA20CECDF3005CAF77 /* Project object */ = {
			isa = PBXProject;
			attributes = {
				LastSwiftUpdateCheck = 0940;
				LastUpgradeCheck = 0940;
				ORGANIZATIONNAME = Jamie;
				TargetAttributes = {
					7D61A6B120CECDF3005CAF77 = {
						CreatedOnToolsVersion = 9.4;
					};
				};
			};
			buildConfigurationList = 7D61A6AD20CECDF3005CAF77 /* Build configuration list for PBXProject "ChangeFont" */;
			compatibilityVersion = "Xcode 9.3";
			developmentRegion = en;
			hasScannedForEncodings = 0;
			knownRegions = (
				en,
				Base,
			);
			mainGroup = 7D61A6A920CECDF3005CAF77;
			productRefGroup = 7D61A6B320CECDF3005CAF77 /* Products */;
			projectDirPath = "";
			projectRoot = "";
			targets = (
				7D61A6B120CECDF3005CAF77 /* ChangeFont */,
			);
		};
/* End PBXProject section */

/* Begin PBXResourcesBuildPhase section */
		7D61A6B020CECDF3005CAF77 /* Resources */ = {
			isa = PBXResourcesBuildPhase;
			buildActionMask = 2147483647;
			files = (
				7D1637C720D031DB00F42A2C /* Gaspar_Regular.otf in Resources */,
				7D1637C820D031DB00F42A2C /* MFJinHei_Noncommercial-Regular.ttf in Resources */,
				7D1637C920D031DB00F42A2C /* MFTongXin_Noncommercial-Regular.ttf in Resources */,
				7D1637CA20D031DB00F42A2C /* MFZhiHei_Noncommercial-Regular.ttf in Resources */,
				7D61A6C020CECDF4005CAF77 /* LaunchScreen.storyboard in Resources */,
				7D61A6BD20CECDF4005CAF77 /* Assets.xcassets in Resources */,
				7D61A6BB20CECDF3005CAF77 /* Main.storyboard in Resources */,
			);
			runOnlyForDeploymentPostprocessing = 0;
		};
/* End PBXResourcesBuildPhase section */

/* Begin PBXSourcesBuildPhase section */
		7D61A6AE20CECDF3005CAF77 /* Sources */ = {
			isa = PBXSourcesBuildPhase;
			buildActionMask = 2147483647;
			files = (
				7D61A6B820CECDF3005CAF77 /* ViewController.swift in Sources */,
				7D61A6B620CECDF3005CAF77 /* AppDelegate.swift in Sources */,
			);
			runOnlyForDeploymentPostprocessing = 0;
		};
/* End PBXSourcesBuildPhase section */

/* Begin PBXVariantGroup section */
		7D61A6B920CECDF3005CAF77 /* Main.storyboard */ = {
			isa = PBXVariantGroup;
			children = (
				7D61A6BA20CECDF3005CAF77 /* Base */,
			);
			name = Main.storyboard;
			sourceTree = "<group>";
		};
		7D61A6BE20CECDF4005CAF77 /* LaunchScreen.storyboard */ = {
			isa = PBXVariantGroup;
			children = (
				7D61A6BF20CECDF4005CAF77 /* Base */,
			);
			name = LaunchScreen.storyboard;
			sourceTree = "<group>";
		};
/* End PBXVariantGroup section */

/* Begin XCBuildConfiguration section */
		7D61A6C220CECDF4005CAF77 /* Debug */ = {
			isa = XCBuildConfiguration;
			buildSettings = {
				ALWAYS_SEARCH_USER_PATHS = NO;
				CLANG_ANALYZER_NONNULL = YES;
				CLANG_ANALYZER_NUMBER_OBJECT_CONVERSION = YES_AGGRESSIVE;
				CLANG_CXX_LANGUAGE_STANDARD = "gnu++14";
				CLANG_CXX_LIBRARY = "libc++";
				CLANG_ENABLE_MODULES = YES;
				CLANG_ENABLE_OBJC_ARC = YES;
				CLANG_ENABLE_OBJC_WEAK = YES;
				CLANG_WARN_BLOCK_CAPTURE_AUTORELEASING = YES;
				CLANG_WARN_BOOL_CONVERSION = YES;
				CLANG_WARN_COMMA = YES;
				CLANG_WARN_CONSTANT_CONVERSION = YES;
				CLANG_WARN_DEPRECATED_OBJC_IMPLEMENTATIONS = YES;
				CLANG_WARN_DIRECT_OBJC_ISA_USAGE = YES_ERROR;
				CLANG_WARN_DOCUMENTATION_COMMENTS = YES;
				CLANG_WARN_EMPTY_BODY = YES;
				CLANG_WARN_ENUM_CONVERSION = YES;
				CLANG_WARN_INFINITE_RECURSION = YES;
				CLANG_WARN_INT_CONVERSION = YES;
				CLANG_WARN_NON_LITERAL_NULL_CONVERSION = YES;
				CLANG_WARN_OBJC_IMPLICIT_RETAIN_SELF = YES;
				CLANG_WARN_OBJC_LITERAL_CONVERSION = YES;
				CLANG_WARN_OBJC_ROOT_CLASS = YES_ERROR;
				CLANG_WARN_RANGE_LOOP_ANALYSIS = YES;
				CLANG_WARN_STRICT_PROTOTYPES = YES;
				CLANG_WARN_SUSPICIOUS_MOVE = YES;
				CLANG_WARN_UNGUARDED_AVAILABILITY = YES_AGGRESSIVE;
				CLANG_WARN_UNREACHABLE_CODE = YES;
				CLANG_WARN__DUPLICATE_METHOD_MATCH = YES;
				CODE_SIGN_IDENTITY = "iPhone Developer";
				COPY_PHASE_STRIP = NO;
				DEBUG_INFORMATION_FORMAT = dwarf;
				ENABLE_STRICT_OBJC_MSGSEND = YES;
				ENABLE_TESTABILITY = YES;
				GCC_C_LANGUAGE_STANDARD = gnu11;
				GCC_DYNAMIC_NO_PIC = NO;
				GCC_NO_COMMON_BLOCKS = YES;
				GCC_OPTIMIZATION_LEVEL = 0;
				GCC_PREPROCESSOR_DEFINITIONS = (
					"DEBUG=1",
					"$(inherited)",
				);
				GCC_WARN_64_TO_32_BIT_CONVERSION = YES;
				GCC_WARN_ABOUT_RETURN_TYPE = YES_ERROR;
				GCC_WARN_UNDECLARED_SELECTOR = YES;
				GCC_WARN_UNINITIALIZED_AUTOS = YES_AGGRESSIVE;
				GCC_WARN_UNUSED_FUNCTION = YES;
				GCC_WARN_UNUSED_VARIABLE = YES;
				IPHONEOS_DEPLOYMENT_TARGET = 11.4;
				MTL_ENABLE_DEBUG_INFO = YES;
				ONLY_ACTIVE_ARCH = YES;
				SDKROOT = iphoneos;
				SWIFT_ACTIVE_COMPILATION_CONDITIONS = DEBUG;
				SWIFT_OPTIMIZATION_LEVEL = "-Onone";
			};
			name = Debug;
		};
		7D61A6C320CECDF4005CAF77 /* Release */ = {
			isa = XCBuildConfiguration;
			buildSettings = {
				ALWAYS_SEARCH_USER_PATHS = NO;
				CLANG_ANALYZER_NONNULL = YES;
				CLANG_ANALYZER_NUMBER_OBJECT_CONVERSION = YES_AGGRESSIVE;
				CLANG_CXX_LANGUAGE_STANDARD = "gnu++14";
				CLANG_CXX_LIBRARY = "libc++";
				CLANG_ENABLE_MODULES = YES;
				CLANG_ENABLE_OBJC_ARC = YES;
				CLANG_ENABLE_OBJC_WEAK = YES;
				CLANG_WARN_BLOCK_CAPTURE_AUTORELEASING = YES;
				CLANG_WARN_BOOL_CONVERSION = YES;
				CLANG_WARN_COMMA = YES;
				CLANG_WARN_CONSTANT_CONVERSION = YES;
				CLANG_WARN_DEPRECATED_OBJC_IMPLEMENTATIONS = YES;
				CLANG_WARN_DIRECT_OBJC_ISA_USAGE = YES_ERROR;
				CLANG_WARN_DOCUMENTATION_COMMENTS = YES;
				CLANG_WARN_EMPTY_BODY = YES;
				CLANG_WARN_ENUM_CONVERSION = YES;
				CLANG_WARN_INFINITE_RECURSION = YES;
				CLANG_WARN_INT_CONVERSION = YES;
				CLANG_WARN_NON_LITERAL_NULL_CONVERSION = YES;
				CLANG_WARN_OBJC_IMPLICIT_RETAIN_SELF = YES;
				CLANG_WARN_OBJC_LITERAL_CONVERSION = YES;
				CLANG_WARN_OBJC_ROOT_CLASS = YES_ERROR;
				CLANG_WARN_RANGE_LOOP_ANALYSIS = YES;
				CLANG_WARN_STRICT_PROTOTYPES = YES;
				CLANG_WARN_SUSPICIOUS_MOVE = YES;
				CLANG_WARN_UNGUARDED_AVAILABILITY = YES_AGGRESSIVE;
				CLANG_WARN_UNREACHABLE_CODE = YES;
				CLANG_WARN__DUPLICATE_METHOD_MATCH = YES;
				CODE_SIGN_IDENTITY = "iPhone Developer";
				COPY_PHASE_STRIP = NO;
				DEBUG_INFORMATION_FORMAT = "dwarf-with-dsym";
				ENABLE_NS_ASSERTIONS = NO;
				ENABLE_STRICT_OBJC_MSGSEND = YES;
				GCC_C_LANGUAGE_STANDARD = gnu11;
				GCC_NO_COMMON_BLOCKS = YES;
				GCC_WARN_64_TO_32_BIT_CONVERSION = YES;
				GCC_WARN_ABOUT_RETURN_TYPE = YES_ERROR;
				GCC_WARN_UNDECLARED_SELECTOR = YES;
				GCC_WARN_UNINITIALIZED_AUTOS = YES_AGGRESSIVE;
				GCC_WARN_UNUSED_FUNCTION = YES;
				GCC_WARN_UNUSED_VARIABLE = YES;
				IPHONEOS_DEPLOYMENT_TARGET = 11.4;
				MTL_ENABLE_DEBUG_INFO = NO;
				SDKROOT = iphoneos;
				SWIFT_COMPILATION_MODE = wholemodule;
				SWIFT_OPTIMIZATION_LEVEL = "-O";
				VALIDATE_PRODUCT = YES;
			};
			name = Release;
		};
		7D61A6C520CECDF4005CAF77 /* Debug */ = {
			isa = XCBuildConfiguration;
			buildSettings = {
				ASSETCATALOG_COMPILER_APPICON_NAME = AppIcon;
				CODE_SIGN_STYLE = Automatic;
				DEVELOPMENT_TEAM = QAUZ8NT4J3;
				INFOPLIST_FILE = ChangeFont/Info.plist;
				LD_RUNPATH_SEARCH_PATHS = (
					"$(inherited)",
					"@executable_path/Frameworks",
				);
				PRODUCT_BUNDLE_IDENTIFIER = com.jamiemaple.ChangeFont;
				PRODUCT_NAME = "$(TARGET_NAME)";
				SWIFT_VERSION = 4.0;
				TARGETED_DEVICE_FAMILY = "1,2";
			};
			name = Debug;
		};
		7D61A6C620CECDF4005CAF77 /* Release */ = {
			isa = XCBuildConfiguration;
			buildSettings = {
				ASSETCATALOG_COMPILER_APPICON_NAME = AppIcon;
				CODE_SIGN_STYLE = Automatic;
				DEVELOPMENT_TEAM = QAUZ8NT4J3;
				INFOPLIST_FILE = ChangeFont/Info.plist;
				LD_RUNPATH_SEARCH_PATHS = (
					"$(inherited)",
					"@executable_path/Frameworks",
				);
				PRODUCT_BUNDLE_IDENTIFIER = com.jamiemaple.ChangeFont;
				PRODUCT_NAME = "$(TARGET_NAME)";
				SWIFT_VERSION = 4.0;
				TARGETED_DEVICE_FAMILY = "1,2";
			};
			name = Release;
		};
/* End XCBuildConfiguration section */

/* Begin XCConfigurationList section */
		7D61A6AD20CECDF3005CAF77 /* Build configuration list for PBXProject "ChangeFont" */ = {
			isa = XCConfigurationList;
			buildConfigurations = (
				7D61A6C220CECDF4005CAF77 /* Debug */,
				7D61A6C320CECDF4005CAF77 /* Release */,
			);
			defaultConfigurationIsVisible = 0;
			defaultConfigurationName = Release;
		};
		7D61A6C420CECDF4005CAF77 /* Build configuration list for PBXNativeTarget "ChangeFont" */ = {
			isa = XCConfigurationList;
			buildConfigurations = (
				7D61A6C520CECDF4005CAF77 /* Debug */,
				7D61A6C620CECDF4005CAF77 /* Release */,
			);
			defaultConfigurationIsVisible = 0;
			defaultConfigurationName = Release;
		};
/* End XCConfigurationList section */
	};
	rootObject = 7D61A6AA20CECDF3005CAF77 /* Project object */;
}
